lockfileVersion: '9.0'

settings:
  autoInstallPeers: true
  excludeLinksFromLockfile: false

importers:

  .:
    dependencies:
      aws-cdk:
        specifier: ^2.161.1
        version: 2.161.1

packages:

  aws-cdk@2.161.1:
    resolution: {integrity: sha512-aMQsiCv8VxR8uyZ7EX8sWt46q/rOHeIFiIJ6pBvzKzc1nWaoI149rSxykIGGTpt0puin0L5SwYl6f6Sp3zohzg==}
    engines: {node: '>= 14.15.0'}
    hasBin: true

  fsevents@2.3.2:
    resolution: {integrity: sha512-xiqMQR4xAeHTuB9uWm+fFRcIOgKBMiOBP+eXiyT7jsgVCq1bkVygt00oASowB7EdtpOHaaPgKt812P9ab+DDKA==}
    engines: {node: ^8.16.0 || ^10.6.0 || >=11.0.0}
    os: [darwin]

snapshots:

  aws-cdk@2.161.1:
    optionalDependencies:
      fsevents: 2.3.2

  fsevents@2.3.2:
    optional: true
