lockfileVersion: '6.0'

settings:
  autoInstallPeers: true
  excludeLinksFromLockfile: false

dependencies:
  aws-cdk:
    specifier: ^2.131.0
    version: 2.131.0

packages:

  /aws-cdk@2.131.0:
    resolution: {integrity: sha512-ji+MwGFGC88HE/EqV6/VARBp5mu3nXIDa/GYwtGycJqu6WqXhNZXWeDH0JsWaY6+BSUdpY6pr6KWpV+MDyVkDg==}
    engines: {node: '>= 14.15.0'}
    hasBin: true
    optionalDependencies:
      fsevents: 2.3.2
    dev: false

  /fsevents@2.3.2:
    resolution: {integrity: sha512-xiqMQR4xAeHTuB9uWm+fFRcIOgKBMiOBP+eXiyT7jsgVCq1bkVygt00oASowB7EdtpOHaaPgKt812P9ab+DDKA==}
    engines: {node: ^8.16.0 || ^10.6.0 || >=11.0.0}
    os: [darwin]
    requiresBuild: true
    dev: false
    optional: true
